
Microsoft Visual Studio Solution File, Format Version 12.00
# Visual Studio Version 16
VisualStudioVersion = 16.0.31112.23
MinimumVisualStudioVersion = 10.0.40219.1
Project("{9A19103F-16F7-4668-BE54-9A1E7A4F7556}") = "Tutorial-Contoso-University", "Tutorial-Contoso-University.csproj", "{133FF9D5-AE8D-4C09-AA3E-D14BFE884B16}"
EndProject
Global
	GlobalSection(SolutionConfigurationPlatforms) = preSolution
		Debug|Any CPU = Debug|Any CPU
		Release|Any CPU = Release|Any CPU
	EndGlobalSection
	GlobalSection(ProjectConfigurationPlatforms) = postSolution
		{133FF9D5-AE8D-4C09-AA3E-D14BFE884B16}.Debug|Any CPU.ActiveCfg = Debug|Any CPU
		{133FF9D5-AE8D-4C09-AA3E-D14BFE884B16}.Debug|Any CPU.Build.0 = Debug|Any CPU
		{133FF9D5-AE8D-4C09-AA3E-D14BFE884B16}.Release|Any CPU.ActiveCfg = Release|Any CPU
		{133FF9D5-AE8D-4C09-AA3E-D14BFE884B16}.Release|Any CPU.Build.0 = Release|Any CPU
	EndGlobalSection
	GlobalSection(SolutionProperties) = preSolution
		HideSolutionNode = FALSE
	EndGlobalSection
	GlobalSection(ExtensibilityGlobals) = postSolution
		SolutionGuid = {D94E4412-EBD4-43B4-9DA0-1AEA7BD4AE6C}
	EndGlobalSection
EndGlobal
